{
  "version": 4,
  "terraform_version": "1.10.4",
  "serial": 164,
  "lineage": "fc531253-bd03-796e-6538-b8e9f104b1fc",
  "outputs": {
    "backend-1_internal_fqdn": {
      "value": "backend-1.ru-central1.internal",
      "type": "string"
    },
    "backend-2_internal_fqdn": {
      "value": "backend-2.ru-central1.internal",
      "type": "string"
    },
    "bastion_internal_fqdn": {
      "value": "bastion.ru-central1.internal",
      "type": "string"
    },
    "bastion_public_ip": {
      "value": "158.160.148.56",
      "type": "string"
    },
    "elastic_internal_fqdn": {
      "value": "elastic.ru-central1.internal",
      "type": "string"
    },
    "kibana_internal_fqdn": {
      "value": "kibana.ru-central1.internal",
      "type": "string"
    },
    "kibana_public_ip": {
      "value": "89.169.172.62",
      "type": "string"
    },
    "zabbix_internal_fqdn": {
      "value": "zabbix.ru-central1.internal",
      "type": "string"
    },
    "zabbix_public_ip": {
      "value": "158.160.141.192",
      "type": "string"
    }
  },
  "resources": [
    {
      "mode": "data",
      "type": "template_cloudinit_config",
      "name": "config",
      "provider": "provider[\"registry.terraform.io/hashicorp/template\"]",
      "instances": [
        {
          "schema_version": 0,
          "attributes": {
            "base64_encode": true,
            "gzip": true,
            "id": "2437117288",
            "part": [
              {
                "content": "#cloud-config\r\nusers:\r\n  - name: user\r\n    groups: sudo\r\n    shell: /bin/bash\r\n    sudo: ['ALL=(ALL) NOPASSWD:ALL']\r\n    ssh-authorized-keys: \r\n    - ssh-rsa AAAAB3NzaC1yc2EAAAADAQABAAABgQDccdtnR2xKfSoAciNO5wVMsbWf018+N/CE82/kxDwjyvS7kxBIne4NjqWOZ54O8vZQjLPx7KzVHn1ncfIdfjYQzRueLNZBfV7B311Orh4qVtu7Yj/Anq2r6PoBKhURLkNjNgjOpsumJelEnRNYYStE9Pvp+vjuvMU2dRQTr0qT7kVKzn4kresxtBeqtqJ6aDwKOtM4QQeudhoerq83+Yeqw6CM9OUTp5YAGIa8UOd6VFnYIeBvhE+W4O+i/2udZp3hZke98PCU1h6YLGtrBvT5YJpcXW2D6PxRMveDQTI3ivdPKdSCOlj8CERzcdC7Po9Do8AZiKWUK9R7T6AAGBq6el7ZrfYKTvHlEZb+PUFDS5CQDCm8YgSEHCbcP/SD5jEWbHvvMonTKF33DiB3+YtV81fi3YwZI/fUkM9311dQBZDm1GKwRXzn3BRuctBo5lZif5Nl/4NHkGwCeRF8qXU5clo6781YJYfDvoQCitSE9Ip3YvDVl/VhFvugNALaAGs= root@oleg",
                "content_type": "text/cloud-config",
                "filename": "",
                "merge_type": ""
              }
            ],
            "rendered": "H4sIAAAAAAAA/2STSa+jRhuF95b8H1B/i/4ii3AxtsFEV0oxeLjMoy9EWWAozOQqhgIPvz5ydyvqJMvznEfvWb0yRgQiQvuPForUdWxI2SY9Ya7lHWa/UWc8oizpH+9fjKOhSlZgKsCNvsxeiQ5hP5QYiRT769t8Np/R9M/SfPb37T5BQw57WkUpzkp0ESn+XJKfhG/jBN4JkzZ4zOgUo7y8zGdGeYX/mfnfP51xgP0gzmcURVMouUKRepFXpqhLj8d2EKlhzPB3MhSwaUSKOZeIOSdD8YOOGRapP74CXX//P9D1XyjTsoHnnRQR6PrXP39YQ0EnIylwXz5hRtfwMYjU94r+VvZDQgEAgMSZz0RmH+lSfUUFOEB64YujpGlGkLu8a7mHQVqa1voWGsP5lL+xwsJkZFVYMvVduVWPyePru3REcGVW3cmK1ytLmGKn0u07rz3DA2JRmh+zvIqcpztC3YylPOQljmWtvlh1IRn5qGIA6pb9xsaSVgSuXpuVeamsdhivH7BRkWtGkUfUrT21i6kaJyNYZq7j92+dz9eh9kSruofDnUiwI93HJlFumkWMlePAMSsw7DuBW0Swu21kY2sFfruOwP6YCIGVbcIdio5Qmgp1cVpZi5JZjlncckVcw61gywFbbCJ9T3pp8tfRR5t+npbKxr67xgQVxz9y5ZTZWubJVlMJsuo+00zmbbxVsADiUjsF2tbl/Q0Ae6nbwIaP+zzS/OnQqPF5YQc7xVvLjiJfhejiqQf5nNqMp6wr9XQ+TJOBka/tOE4pJW4RkVBg85KLbvGRyYPa2HIsmzlSrFzZvXZzP5+Ik9wxJRJeN3GZr82GWZmHen+TobsTus9gnTZ4wwts9BHlyoQduSSeuj22XDQpYcOExW4aLybQE7Af3qkeY/I7buDl3w9D0/PZXwEAAP//7ToU0Y8DAAA="
          },
          "sensitive_attributes": []
        }
      ]
    },
    {
      "mode": "data",
      "type": "template_file",
      "name": "cloud-init",
      "provider": "provider[\"registry.terraform.io/hashicorp/template\"]",
      "instances": [
        {
          "schema_version": 0,
          "attributes": {
            "filename": null,
            "id": "01d122bb3892001d73cc8b22bda5131a4ff08bb6f7e95312288ec2359ba4891b",
            "rendered": "#cloud-config\r\nusers:\r\n  - name: user\r\n    groups: sudo\r\n    shell: /bin/bash\r\n    sudo: ['ALL=(ALL) NOPASSWD:ALL']\r\n    ssh-authorized-keys: \r\n    - ssh-rsa AAAAB3NzaC1yc2EAAAADAQABAAABgQDccdtnR2xKfSoAciNO5wVMsbWf018+N/CE82/kxDwjyvS7kxBIne4NjqWOZ54O8vZQjLPx7KzVHn1ncfIdfjYQzRueLNZBfV7B311Orh4qVtu7Yj/Anq2r6PoBKhURLkNjNgjOpsumJelEnRNYYStE9Pvp+vjuvMU2dRQTr0qT7kVKzn4kresxtBeqtqJ6aDwKOtM4QQeudhoerq83+Yeqw6CM9OUTp5YAGIa8UOd6VFnYIeBvhE+W4O+i/2udZp3hZke98PCU1h6YLGtrBvT5YJpcXW2D6PxRMveDQTI3ivdPKdSCOlj8CERzcdC7Po9Do8AZiKWUK9R7T6AAGBq6el7ZrfYKTvHlEZb+PUFDS5CQDCm8YgSEHCbcP/SD5jEWbHvvMonTKF33DiB3+YtV81fi3YwZI/fUkM9311dQBZDm1GKwRXzn3BRuctBo5lZif5Nl/4NHkGwCeRF8qXU5clo6781YJYfDvoQCitSE9Ip3YvDVl/VhFvugNALaAGs= root@oleg",
            "template": "#cloud-config\r\nusers:\r\n  - name: ${ username }\r\n    groups: sudo\r\n    shell: /bin/bash\r\n    sudo: ['ALL=(ALL) NOPASSWD:ALL']\r\n    ssh-authorized-keys: \r\n    - ${ ssh_public_key }",
            "vars": {
              "ssh_public_key": "ssh-rsa AAAAB3NzaC1yc2EAAAADAQABAAABgQDccdtnR2xKfSoAciNO5wVMsbWf018+N/CE82/kxDwjyvS7kxBIne4NjqWOZ54O8vZQjLPx7KzVHn1ncfIdfjYQzRueLNZBfV7B311Orh4qVtu7Yj/Anq2r6PoBKhURLkNjNgjOpsumJelEnRNYYStE9Pvp+vjuvMU2dRQTr0qT7kVKzn4kresxtBeqtqJ6aDwKOtM4QQeudhoerq83+Yeqw6CM9OUTp5YAGIa8UOd6VFnYIeBvhE+W4O+i/2udZp3hZke98PCU1h6YLGtrBvT5YJpcXW2D6PxRMveDQTI3ivdPKdSCOlj8CERzcdC7Po9Do8AZiKWUK9R7T6AAGBq6el7ZrfYKTvHlEZb+PUFDS5CQDCm8YgSEHCbcP/SD5jEWbHvvMonTKF33DiB3+YtV81fi3YwZI/fUkM9311dQBZDm1GKwRXzn3BRuctBo5lZif5Nl/4NHkGwCeRF8qXU5clo6781YJYfDvoQCitSE9Ip3YvDVl/VhFvugNALaAGs= root@oleg",
              "username": "user"
            }
          },
          "sensitive_attributes": []
        }
      ]
    },
    {
      "mode": "managed",
      "type": "local_file",
      "name": "hosts",
      "provider": "provider[\"registry.terraform.io/hashicorp/local\"]",
      "instances": [
        {
          "schema_version": 0,
          "attributes": {
            "content": "[all:vars]\r\nansible_ssh_user=user\r\nansible_ssh_common_args='-o StrictHostKeyChecking=no -o UserKnownHostsFile=/dev/null -o ProxyCommand=\"ssh -o StrictHostKeyChecking=no -o UserKnownHostsFile=/dev/null -W %h:%p -q user@158.160.148.56\"'\r\n        \r\n[elk:children]\r\nbackend\r\nelastic\r\nkibana\r\n\r\n[elk:vars]\r\nelk_version=\"7.15.1\"\r\n\r\n[bastion]\r\nbastion.ru-central1.internal\r\n\r\n[zabbix]\r\nzabbix.ru-central1.internal\r\n\r\n[zabbix:vars]\r\nzabbix_server=127.0.0.1\r\n\r\n[backend]\r\nbackend-1.ru-central1.internal\r\nbackend-2.ru-central1.internal\r\n\r\n[elastic]\r\nelastic.ru-central1.internal\r\n\r\n[kibana]\r\nkibana.ru-central1.internal\r\n",
            "content_base64": null,
            "content_base64sha256": "3B+MeN13sEgv+xAZAmKrVgv+6nCHXc/qZlzuJU5jx7A=",
            "content_base64sha512": "k8fy6BgbL6pEquIcJmDMhFsbafabNblblM54P5zv1qYF6Ol2RHxdVTinAb8P4pblNQ4ueTRCnuY4yYyDudMfYw==",
            "content_md5": "a3d3da5e7ec6cbf9c9c23593c7dd50e9",
            "content_sha1": "992e987108803131c544b6365c2616e405d1bad8",
            "content_sha256": "dc1f8c78dd77b0482ffb10190262ab560bfeea70875dcfea665cee254e63c7b0",
            "content_sha512": "93c7f2e8181b2faa44aae21c2660cc845b1b69f69b35b95b94ce783f9cefd6a605e8e976447c5d5538a701bf0fe296e5350e2e7934429ee638c98c83b9d31f63",
            "directory_permission": "0777",
            "file_permission": "0777",
            "filename": "../ansible/hosts",
            "id": "992e987108803131c544b6365c2616e405d1bad8",
            "sensitive_content": null,
            "source": null
          },
          "sensitive_attributes": [
            [
              {
                "type": "get_attr",
                "value": "sensitive_content"
              }
            ]
          ],
          "dependencies": [
            "data.template_cloudinit_config.config",
            "data.template_file.cloud-init",
            "yandex_compute_disk.backend_1",
            "yandex_compute_disk.backend_2",
            "yandex_compute_disk.bastion",
            "yandex_compute_disk.elastic",
            "yandex_compute_disk.kibana",
            "yandex_compute_disk.zabbix",
            "yandex_compute_instance.backend_1",
            "yandex_compute_instance.backend_2",
            "yandex_compute_instance.bastion",
            "yandex_compute_instance.elastic",
            "yandex_compute_instance.kibana",
            "yandex_compute_instance.zabbix",
            "yandex_vpc_gateway.private_gw",
            "yandex_vpc_network.main",
            "yandex_vpc_route_table.private_rt",
            "yandex_vpc_security_group.backend",
            "yandex_vpc_security_group.bastion",
            "yandex_vpc_security_group.elastic",
            "yandex_vpc_security_group.kibana",
            "yandex_vpc_security_group.ssh",
            "yandex_vpc_security_group.zabbix",
            "yandex_vpc_subnet.private_network_a",
            "yandex_vpc_subnet.private_network_b",
            "yandex_vpc_subnet.private_network_d"
          ]
        }
      ]
    },
    {
      "mode": "managed",
      "type": "yandex_alb_backend_group",
      "name": "nginx_backend",
      "provider": "provider[\"registry.terraform.io/yandex-cloud/yandex\"]",
      "instances": [
        {
          "schema_version": 0,
          "attributes": {
            "created_at": "2025-01-16T07:28:26Z",
            "description": "",
            "folder_id": "b1gpukb43o9veh81tdjh",
            "grpc_backend": [],
            "http_backend": [
              {
                "healthcheck": [
                  {
                    "grpc_healthcheck": [],
                    "healthcheck_port": 80,
                    "healthy_threshold": 2,
                    "http_healthcheck": [
                      {
                        "expected_statuses": null,
                        "host": "",
                        "http2": false,
                        "path": "/"
                      }
                    ],
                    "interval": "3s",
                    "interval_jitter_percent": 0,
                    "stream_healthcheck": [],
                    "timeout": "1s",
                    "unhealthy_threshold": 2
                  }
                ],
                "http2": false,
                "load_balancing_config": [
                  {
                    "locality_aware_routing_percent": 0,
                    "mode": "ROUND_ROBIN",
                    "panic_threshold": 0,
                    "strict_locality": false
                  }
                ],
                "name": "backend",
                "port": 80,
                "storage_bucket": "",
                "target_group_ids": [
                  "ds7ts9ot8e471026hffv"
                ],
                "tls": [],
                "weight": 1
              }
            ],
            "id": "ds7qqnd35m7ckq8pn19v",
            "labels": null,
            "name": "nginx-backend",
            "session_affinity": [],
            "stream_backend": [],
            "timeouts": null
          },
          "sensitive_attributes": [],
          "private": "eyJlMmJmYjczMC1lY2FhLTExZTYtOGY4OC0zNDM2M2JjN2M0YzAiOnsiY3JlYXRlIjozMDAwMDAwMDAwMDAsImRlbGV0ZSI6MzAwMDAwMDAwMDAwLCJ1cGRhdGUiOjMwMDAwMDAwMDAwMH19",
          "dependencies": [
            "data.template_cloudinit_config.config",
            "data.template_file.cloud-init",
            "yandex_alb_target_group.alb_target_group",
            "yandex_compute_disk.backend_1",
            "yandex_compute_disk.backend_2",
            "yandex_compute_instance.backend_1",
            "yandex_compute_instance.backend_2",
            "yandex_vpc_gateway.private_gw",
            "yandex_vpc_network.main",
            "yandex_vpc_route_table.private_rt",
            "yandex_vpc_security_group.backend",
            "yandex_vpc_security_group.ssh",
            "yandex_vpc_subnet.private_network_a",
            "yandex_vpc_subnet.private_network_b"
          ]
        }
      ]
    },
    {
      "mode": "managed",
      "type": "yandex_alb_http_router",
      "name": "alb",
      "provider": "provider[\"registry.terraform.io/yandex-cloud/yandex\"]",
      "instances": [
        {
          "schema_version": 0,
          "attributes": {
            "created_at": "2025-01-16T07:27:34Z",
            "description": "",
            "folder_id": "b1gpukb43o9veh81tdjh",
            "id": "ds7a19shpjnjq83f87h0",
            "labels": null,
            "name": "apploadbalancer",
            "route_options": [],
            "timeouts": null
          },
          "sensitive_attributes": [],
          "private": "eyJlMmJmYjczMC1lY2FhLTExZTYtOGY4OC0zNDM2M2JjN2M0YzAiOnsiY3JlYXRlIjozMDAwMDAwMDAwMDAsImRlbGV0ZSI6MzAwMDAwMDAwMDAwLCJ1cGRhdGUiOjMwMDAwMDAwMDAwMH19"
        }
      ]
    },
    {
      "mode": "managed",
      "type": "yandex_alb_load_balancer",
      "name": "alb_balancer",
      "provider": "provider[\"registry.terraform.io/yandex-cloud/yandex\"]",
      "instances": [
        {
          "schema_version": 0,
          "attributes": {
            "allocation_policy": [
              {
                "location": [
                  {
                    "disable_traffic": false,
                    "subnet_id": "e2lu9fqcaqt4d0v536cc",
                    "zone_id": "ru-central1-b"
                  },
                  {
                    "disable_traffic": false,
                    "subnet_id": "e9bes2jnc1ukvdgb1iqn",
                    "zone_id": "ru-central1-a"
                  },
                  {
                    "disable_traffic": false,
                    "subnet_id": "fl80bmoa2gjfrn81pcoj",
                    "zone_id": "ru-central1-d"
                  }
                ]
              }
            ],
            "created_at": "2025-01-16T07:27:45Z",
            "description": "",
            "folder_id": "b1gpukb43o9veh81tdjh",
            "id": "ds7rpnas236h7ub7bd3d",
            "labels": null,
            "listener": [
              {
                "endpoint": [
                  {
                    "address": [
                      {
                        "external_ipv4_address": [
                          {
                            "address": "51.250.32.189"
                          }
                        ],
                        "external_ipv6_address": [],
                        "internal_ipv4_address": []
                      }
                    ],
                    "ports": [
                      80
                    ]
                  }
                ],
                "http": [
                  {
                    "handler": [
                      {
                        "allow_http10": false,
                        "http2_options": [],
                        "http_router_id": "ds7a19shpjnjq83f87h0",
                        "rewrite_request_id": false
                      }
                    ],
                    "redirects": []
                  }
                ],
                "name": "listener",
                "stream": [],
                "tls": []
              }
            ],
            "log_group_id": "",
            "log_options": [],
            "name": "nginx",
            "network_id": "enpaavg6pqo3oj7o3nin",
            "region_id": "",
            "security_group_ids": null,
            "status": "active",
            "timeouts": null
          },
          "sensitive_attributes": [],
          "private": "eyJlMmJmYjczMC1lY2FhLTExZTYtOGY4OC0zNDM2M2JjN2M0YzAiOnsiY3JlYXRlIjo2MDAwMDAwMDAwMDAsImRlbGV0ZSI6NjAwMDAwMDAwMDAwLCJ1cGRhdGUiOjYwMDAwMDAwMDAwMH19",
          "dependencies": [
            "yandex_alb_http_router.alb",
            "yandex_vpc_gateway.private_gw",
            "yandex_vpc_network.main",
            "yandex_vpc_route_table.private_rt",
            "yandex_vpc_subnet.private_network_a",
            "yandex_vpc_subnet.private_network_b",
            "yandex_vpc_subnet.private_network_d"
          ]
        }
      ]
    },
    {
      "mode": "managed",
      "type": "yandex_alb_target_group",
      "name": "alb_target_group",
      "provider": "provider[\"registry.terraform.io/yandex-cloud/yandex\"]",
      "instances": [
        {
          "schema_version": 0,
          "attributes": {
            "created_at": "2025-01-16T07:28:26Z",
            "description": "",
            "folder_id": "b1gpukb43o9veh81tdjh",
            "id": "ds7ts9ot8e471026hffv",
            "labels": null,
            "name": "alb-target-group",
            "target": [
              {
                "ip_address": "10.10.1.10",
                "private_ipv4_address": false,
                "subnet_id": "e9bes2jnc1ukvdgb1iqn"
              },
              {
                "ip_address": "10.10.2.11",
                "private_ipv4_address": false,
                "subnet_id": "e2lu9fqcaqt4d0v536cc"
              }
            ],
            "timeouts": null
          },
          "sensitive_attributes": [],
          "private": "eyJlMmJmYjczMC1lY2FhLTExZTYtOGY4OC0zNDM2M2JjN2M0YzAiOnsiY3JlYXRlIjozMDAwMDAwMDAwMDAsImRlbGV0ZSI6MzAwMDAwMDAwMDAwLCJ1cGRhdGUiOjMwMDAwMDAwMDAwMH19",
          "dependencies": [
            "data.template_cloudinit_config.config",
            "data.template_file.cloud-init",
            "yandex_compute_disk.backend_1",
            "yandex_compute_disk.backend_2",
            "yandex_compute_instance.backend_1",
            "yandex_compute_instance.backend_2",
            "yandex_vpc_gateway.private_gw",
            "yandex_vpc_network.main",
            "yandex_vpc_route_table.private_rt",
            "yandex_vpc_security_group.backend",
            "yandex_vpc_security_group.ssh",
            "yandex_vpc_subnet.private_network_a",
            "yandex_vpc_subnet.private_network_b"
          ]
        }
      ]
    },
    {
      "mode": "managed",
      "type": "yandex_alb_virtual_host",
      "name": "alb_vhost",
      "provider": "provider[\"registry.terraform.io/yandex-cloud/yandex\"]",
      "instances": [
        {
          "schema_version": 0,
          "attributes": {
            "authority": null,
            "http_router_id": "ds7a19shpjnjq83f87h0",
            "id": "ds7a19shpjnjq83f87h0/nginx",
            "modify_request_headers": [],
            "modify_response_headers": [],
            "name": "nginx",
            "rate_limit": [],
            "route": [
              {
                "grpc_route": [],
                "http_route": [
                  {
                    "direct_response_action": [],
                    "http_match": [],
                    "http_route_action": [
                      {
                        "auto_host_rewrite": false,
                        "backend_group_id": "ds7qqnd35m7ckq8pn19v",
                        "host_rewrite": "",
                        "idle_timeout": "",
                        "prefix_rewrite": "",
                        "rate_limit": [],
                        "timeout": "",
                        "upgrade_types": null
                      }
                    ],
                    "redirect_action": []
                  }
                ],
                "name": "nginx",
                "route_options": []
              }
            ],
            "route_options": [],
            "timeouts": null
          },
          "sensitive_attributes": [],
          "private": "eyJlMmJmYjczMC1lY2FhLTExZTYtOGY4OC0zNDM2M2JjN2M0YzAiOnsiY3JlYXRlIjozMDAwMDAwMDAwMDAsImRlbGV0ZSI6MzAwMDAwMDAwMDAwLCJ1cGRhdGUiOjMwMDAwMDAwMDAwMH19",
          "dependencies": [
            "data.template_cloudinit_config.config",
            "data.template_file.cloud-init",
            "yandex_alb_backend_group.nginx_backend",
            "yandex_alb_http_router.alb",
            "yandex_alb_target_group.alb_target_group",
            "yandex_compute_disk.backend_1",
            "yandex_compute_disk.backend_2",
            "yandex_compute_instance.backend_1",
            "yandex_compute_instance.backend_2",
            "yandex_vpc_gateway.private_gw",
            "yandex_vpc_network.main",
            "yandex_vpc_route_table.private_rt",
            "yandex_vpc_security_group.backend",
            "yandex_vpc_security_group.ssh",
            "yandex_vpc_subnet.private_network_a",
            "yandex_vpc_subnet.private_network_b"
          ]
        }
      ]
    },
    {
      "mode": "managed",
      "type": "yandex_compute_disk",
      "name": "backend_1",
      "provider": "provider[\"registry.terraform.io/yandex-cloud/yandex\"]",
      "instances": [
        {
          "schema_version": 0,
          "attributes": {
            "allow_recreate": null,
            "block_size": 4096,
            "created_at": "2025-01-16T07:27:34Z",
            "description": "",
            "disk_placement_policy": [
              {
                "disk_placement_group_id": ""
              }
            ],
            "folder_id": "b1gpukb43o9veh81tdjh",
            "hardware_generation": [
              {
                "generation2_features": [],
                "legacy_features": [
                  {
                    "pci_topology": "PCI_TOPOLOGY_V1"
                  }
                ]
              }
            ],
            "id": "fhmrlhtek39daimkd7si",
            "image_id": "fd86601pa1f50ta9dffg",
            "kms_key_id": null,
            "labels": null,
            "name": "backned-1",
            "product_ids": [
              "f2espo6t1i5d8i99c5sa"
            ],
            "size": 10,
            "snapshot_id": "",
            "status": "ready",
            "timeouts": null,
            "type": "network-hdd",
            "zone": "ru-central1-a"
          },
          "sensitive_attributes": [],
          "private": "eyJlMmJmYjczMC1lY2FhLTExZTYtOGY4OC0zNDM2M2JjN2M0YzAiOnsiY3JlYXRlIjozMDAwMDAwMDAwMDAsImRlbGV0ZSI6MzAwMDAwMDAwMDAwLCJ1cGRhdGUiOjMwMDAwMDAwMDAwMH19"
        }
      ]
    },
    {
      "mode": "managed",
      "type": "yandex_compute_disk",
      "name": "backend_2",
      "provider": "provider[\"registry.terraform.io/yandex-cloud/yandex\"]",
      "instances": [
        {
          "schema_version": 0,
          "attributes": {
            "allow_recreate": null,
            "block_size": 4096,
            "created_at": "2025-01-16T07:27:34Z",
            "description": "",
            "disk_placement_policy": [
              {
                "disk_placement_group_id": ""
              }
            ],
            "folder_id": "b1gpukb43o9veh81tdjh",
            "hardware_generation": [
              {
                "generation2_features": [],
                "legacy_features": [
                  {
                    "pci_topology": "PCI_TOPOLOGY_V1"
                  }
                ]
              }
            ],
            "id": "epdv3qk0gjiuhvvkgbbb",
            "image_id": "fd86601pa1f50ta9dffg",
            "kms_key_id": null,
            "labels": null,
            "name": "backned-2",
            "product_ids": [
              "f2espo6t1i5d8i99c5sa"
            ],
            "size": 10,
            "snapshot_id": "",
            "status": "ready",
            "timeouts": null,
            "type": "network-hdd",
            "zone": "ru-central1-b"
          },
          "sensitive_attributes": [],
          "private": "eyJlMmJmYjczMC1lY2FhLTExZTYtOGY4OC0zNDM2M2JjN2M0YzAiOnsiY3JlYXRlIjozMDAwMDAwMDAwMDAsImRlbGV0ZSI6MzAwMDAwMDAwMDAwLCJ1cGRhdGUiOjMwMDAwMDAwMDAwMH19"
        }
      ]
    },
    {
      "mode": "managed",
      "type": "yandex_compute_disk",
      "name": "bastion",
      "provider": "provider[\"registry.terraform.io/yandex-cloud/yandex\"]",
      "instances": [
        {
          "schema_version": 0,
          "attributes": {
            "allow_recreate": null,
            "block_size": 4096,
            "created_at": "2025-01-16T07:27:34Z",
            "description": "",
            "disk_placement_policy": [
              {
                "disk_placement_group_id": ""
              }
            ],
            "folder_id": "b1gpukb43o9veh81tdjh",
            "hardware_generation": [
              {
                "generation2_features": [],
                "legacy_features": [
                  {
                    "pci_topology": "PCI_TOPOLOGY_V1"
                  }
                ]
              }
            ],
            "id": "fv4jremog6vl7jmhbsuv",
            "image_id": "fd86601pa1f50ta9dffg",
            "kms_key_id": null,
            "labels": null,
            "name": "bastion",
            "product_ids": [
              "f2espo6t1i5d8i99c5sa"
            ],
            "size": 10,
            "snapshot_id": "",
            "status": "ready",
            "timeouts": null,
            "type": "network-hdd",
            "zone": "ru-central1-d"
          },
          "sensitive_attributes": [],
          "private": "eyJlMmJmYjczMC1lY2FhLTExZTYtOGY4OC0zNDM2M2JjN2M0YzAiOnsiY3JlYXRlIjozMDAwMDAwMDAwMDAsImRlbGV0ZSI6MzAwMDAwMDAwMDAwLCJ1cGRhdGUiOjMwMDAwMDAwMDAwMH19"
        }
      ]
    },
    {
      "mode": "managed",
      "type": "yandex_compute_disk",
      "name": "elastic",
      "provider": "provider[\"registry.terraform.io/yandex-cloud/yandex\"]",
      "instances": [
        {
          "schema_version": 0,
          "attributes": {
            "allow_recreate": null,
            "block_size": 4096,
            "created_at": "2025-01-16T07:27:34Z",
            "description": "",
            "disk_placement_policy": [
              {
                "disk_placement_group_id": ""
              }
            ],
            "folder_id": "b1gpukb43o9veh81tdjh",
            "hardware_generation": [
              {
                "generation2_features": [],
                "legacy_features": [
                  {
                    "pci_topology": "PCI_TOPOLOGY_V1"
                  }
                ]
              }
            ],
            "id": "fv4i5s9t2a8nfq8bkt8o",
            "image_id": "fd86601pa1f50ta9dffg",
            "kms_key_id": null,
            "labels": null,
            "name": "elastic",
            "product_ids": [
              "f2espo6t1i5d8i99c5sa"
            ],
            "size": 20,
            "snapshot_id": "",
            "status": "ready",
            "timeouts": null,
            "type": "network-hdd",
            "zone": "ru-central1-d"
          },
          "sensitive_attributes": [],
          "private": "eyJlMmJmYjczMC1lY2FhLTExZTYtOGY4OC0zNDM2M2JjN2M0YzAiOnsiY3JlYXRlIjozMDAwMDAwMDAwMDAsImRlbGV0ZSI6MzAwMDAwMDAwMDAwLCJ1cGRhdGUiOjMwMDAwMDAwMDAwMH19"
        }
      ]
    },
    {
      "mode": "managed",
      "type": "yandex_compute_disk",
      "name": "kibana",
      "provider": "provider[\"registry.terraform.io/yandex-cloud/yandex\"]",
      "instances": [
        {
          "schema_version": 0,
          "attributes": {
            "allow_recreate": null,
            "block_size": 4096,
            "created_at": "2025-01-16T07:27:34Z",
            "description": "",
            "disk_placement_policy": [
              {
                "disk_placement_group_id": ""
              }
            ],
            "folder_id": "b1gpukb43o9veh81tdjh",
            "hardware_generation": [
              {
                "generation2_features": [],
                "legacy_features": [
                  {
                    "pci_topology": "PCI_TOPOLOGY_V1"
                  }
                ]
              }
            ],
            "id": "epd8nlqoe78fkbtjr41f",
            "image_id": "fd86601pa1f50ta9dffg",
            "kms_key_id": null,
            "labels": null,
            "name": "kibana",
            "product_ids": [
              "f2espo6t1i5d8i99c5sa"
            ],
            "size": 10,
            "snapshot_id": "",
            "status": "ready",
            "timeouts": null,
            "type": "network-hdd",
            "zone": "ru-central1-b"
          },
          "sensitive_attributes": [],
          "private": "eyJlMmJmYjczMC1lY2FhLTExZTYtOGY4OC0zNDM2M2JjN2M0YzAiOnsiY3JlYXRlIjozMDAwMDAwMDAwMDAsImRlbGV0ZSI6MzAwMDAwMDAwMDAwLCJ1cGRhdGUiOjMwMDAwMDAwMDAwMH19"
        }
      ]
    },
    {
      "mode": "managed",
      "type": "yandex_compute_disk",
      "name": "zabbix",
      "provider": "provider[\"registry.terraform.io/yandex-cloud/yandex\"]",
      "instances": [
        {
          "schema_version": 0,
          "attributes": {
            "allow_recreate": null,
            "block_size": 4096,
            "created_at": "2025-01-16T07:27:34Z",
            "description": "",
            "disk_placement_policy": [
              {
                "disk_placement_group_id": ""
              }
            ],
            "folder_id": "b1gpukb43o9veh81tdjh",
            "hardware_generation": [
              {
                "generation2_features": [],
                "legacy_features": [
                  {
                    "pci_topology": "PCI_TOPOLOGY_V1"
                  }
                ]
              }
            ],
            "id": "fv4dcvhma4h5iova9sbm",
            "image_id": "fd86601pa1f50ta9dffg",
            "kms_key_id": null,
            "labels": null,
            "name": "zabbix",
            "product_ids": [
              "f2espo6t1i5d8i99c5sa"
            ],
            "size": 10,
            "snapshot_id": "",
            "status": "ready",
            "timeouts": null,
            "type": "network-hdd",
            "zone": "ru-central1-d"
          },
          "sensitive_attributes": [],
          "private": "eyJlMmJmYjczMC1lY2FhLTExZTYtOGY4OC0zNDM2M2JjN2M0YzAiOnsiY3JlYXRlIjozMDAwMDAwMDAwMDAsImRlbGV0ZSI6MzAwMDAwMDAwMDAwLCJ1cGRhdGUiOjMwMDAwMDAwMDAwMH19"
        }
      ]
    },
    {
      "mode": "managed",
      "type": "yandex_compute_instance",
      "name": "backend_1",
      "provider": "provider[\"registry.terraform.io/yandex-cloud/yandex\"]",
      "instances": [
        {
          "schema_version": 1,
          "attributes": {
            "allow_recreate": null,
            "allow_stopping_for_update": true,
            "boot_disk": [
              {
                "auto_delete": true,
                "device_name": "fhmrlhtek39daimkd7si",
                "disk_id": "fhmrlhtek39daimkd7si",
                "initialize_params": [
                  {
                    "block_size": 4096,
                    "description": "",
                    "image_id": "fd86601pa1f50ta9dffg",
                    "kms_key_id": "",
                    "name": "backned-1",
                    "size": 10,
                    "snapshot_id": "",
                    "type": "network-hdd"
                  }
                ],
                "mode": "READ_WRITE"
              }
            ],
            "created_at": "2025-01-16T07:27:52Z",
            "description": "",
            "filesystem": [],
            "folder_id": "b1gpukb43o9veh81tdjh",
            "fqdn": "backend-1.ru-central1.internal",
            "gpu_cluster_id": "",
            "hardware_generation": [
              {
                "generation2_features": [],
                "legacy_features": [
                  {
                    "pci_topology": "PCI_TOPOLOGY_V1"
                  }
                ]
              }
            ],
            "hostname": "backend-1",
            "id": "fhmul2qk1gbj5dhatr0a",
            "labels": null,
            "local_disk": [],
            "maintenance_grace_period": "",
            "maintenance_policy": null,
            "metadata": {
              "user-data": "H4sIAAAAAAAA/2STSa+jRhuF95b8H1B/i/4ii3AxtsFEV0oxeLjMoy9EWWAozOQqhgIPvz5ydyvqJMvznEfvWb0yRgQiQvuPForUdWxI2SY9Ya7lHWa/UWc8oizpH+9fjKOhSlZgKsCNvsxeiQ5hP5QYiRT769t8Np/R9M/SfPb37T5BQw57WkUpzkp0ESn+XJKfhG/jBN4JkzZ4zOgUo7y8zGdGeYX/mfnfP51xgP0gzmcURVMouUKRepFXpqhLj8d2EKlhzPB3MhSwaUSKOZeIOSdD8YOOGRapP74CXX//P9D1XyjTsoHnnRQR6PrXP39YQ0EnIylwXz5hRtfwMYjU94r+VvZDQgEAgMSZz0RmH+lSfUUFOEB64YujpGlGkLu8a7mHQVqa1voWGsP5lL+xwsJkZFVYMvVduVWPyePru3REcGVW3cmK1ytLmGKn0u07rz3DA2JRmh+zvIqcpztC3YylPOQljmWtvlh1IRn5qGIA6pb9xsaSVgSuXpuVeamsdhivH7BRkWtGkUfUrT21i6kaJyNYZq7j92+dz9eh9kSruofDnUiwI93HJlFumkWMlePAMSsw7DuBW0Swu21kY2sFfruOwP6YCIGVbcIdio5Qmgp1cVpZi5JZjlncckVcw61gywFbbCJ9T3pp8tfRR5t+npbKxr67xgQVxz9y5ZTZWubJVlMJsuo+00zmbbxVsADiUjsF2tbl/Q0Ae6nbwIaP+zzS/OnQqPF5YQc7xVvLjiJfhejiqQf5nNqMp6wr9XQ+TJOBka/tOE4pJW4RkVBg85KLbvGRyYPa2HIsmzlSrFzZvXZzP5+Ik9wxJRJeN3GZr82GWZmHen+TobsTus9gnTZ4wwts9BHlyoQduSSeuj22XDQpYcOExW4aLybQE7Af3qkeY/I7buDl3w9D0/PZXwEAAP//7ToU0Y8DAAA="
            },
            "metadata_options": [
              {
                "aws_v1_http_endpoint": 1,
                "aws_v1_http_token": 2,
                "gce_http_endpoint": 1,
                "gce_http_token": 1
              }
            ],
            "name": "backend_1",
            "network_acceleration_type": "standard",
            "network_interface": [
              {
                "dns_record": [],
                "index": 0,
                "ip_address": "10.10.1.10",
                "ipv4": true,
                "ipv6": false,
                "ipv6_address": "",
                "ipv6_dns_record": [],
                "mac_address": "d0:0d:1e:a8:b5:40",
                "nat": false,
                "nat_dns_record": [],
                "nat_ip_address": "",
                "nat_ip_version": "",
                "security_group_ids": [
                  "enp36mfo2df5fh5toe94",
                  "enpbv0movj1o2jkvgf5h"
                ],
                "subnet_id": "e9bes2jnc1ukvdgb1iqn"
              }
            ],
            "placement_policy": [
              {
                "host_affinity_rules": [],
                "placement_group_id": "",
                "placement_group_partition": 0
              }
            ],
            "platform_id": "standard-v3",
            "resources": [
              {
                "core_fraction": 20,
                "cores": 2,
                "gpus": 0,
                "memory": 2
              }
            ],
            "scheduling_policy": [
              {
                "preemptible": true
              }
            ],
            "secondary_disk": [],
            "service_account_id": "",
            "status": "running",
            "timeouts": null,
            "zone": "ru-central1-a"
          },
          "sensitive_attributes": [],
          "private": "eyJlMmJmYjczMC1lY2FhLTExZTYtOGY4OC0zNDM2M2JjN2M0YzAiOnsiY3JlYXRlIjozMDAwMDAwMDAwMDAsImRlbGV0ZSI6MzAwMDAwMDAwMDAwLCJ1cGRhdGUiOjMwMDAwMDAwMDAwMH0sInNjaGVtYV92ZXJzaW9uIjoiMSJ9",
          "dependencies": [
            "data.template_cloudinit_config.config",
            "data.template_file.cloud-init",
            "yandex_compute_disk.backend_1",
            "yandex_vpc_gateway.private_gw",
            "yandex_vpc_network.main",
            "yandex_vpc_route_table.private_rt",
            "yandex_vpc_security_group.backend",
            "yandex_vpc_security_group.ssh",
            "yandex_vpc_subnet.private_network_a"
          ]
        }
      ]
    },
    {
      "mode": "managed",
      "type": "yandex_compute_instance",
      "name": "backend_2",
      "provider": "provider[\"registry.terraform.io/yandex-cloud/yandex\"]",
      "instances": [
        {
          "schema_version": 1,
          "attributes": {
            "allow_recreate": null,
            "allow_stopping_for_update": true,
            "boot_disk": [
              {
                "auto_delete": true,
                "device_name": "epdv3qk0gjiuhvvkgbbb",
                "disk_id": "epdv3qk0gjiuhvvkgbbb",
                "initialize_params": [
                  {
                    "block_size": 4096,
                    "description": "",
                    "image_id": "fd86601pa1f50ta9dffg",
                    "kms_key_id": "",
                    "name": "backned-2",
                    "size": 10,
                    "snapshot_id": "",
                    "type": "network-hdd"
                  }
                ],
                "mode": "READ_WRITE"
              }
            ],
            "created_at": "2025-01-16T07:27:52Z",
            "description": "",
            "filesystem": [],
            "folder_id": "b1gpukb43o9veh81tdjh",
            "fqdn": "backend-2.ru-central1.internal",
            "gpu_cluster_id": "",
            "hardware_generation": [
              {
                "generation2_features": [],
                "legacy_features": [
                  {
                    "pci_topology": "PCI_TOPOLOGY_V1"
                  }
                ]
              }
            ],
            "hostname": "backend-2",
            "id": "epd17g41u5o9hc73k3ag",
            "labels": null,
            "local_disk": [],
            "maintenance_grace_period": "",
            "maintenance_policy": null,
            "metadata": {
              "user-data": "H4sIAAAAAAAA/2STSa+jRhuF95b8H1B/i/4ii3AxtsFEV0oxeLjMoy9EWWAozOQqhgIPvz5ydyvqJMvznEfvWb0yRgQiQvuPForUdWxI2SY9Ya7lHWa/UWc8oizpH+9fjKOhSlZgKsCNvsxeiQ5hP5QYiRT769t8Np/R9M/SfPb37T5BQw57WkUpzkp0ESn+XJKfhG/jBN4JkzZ4zOgUo7y8zGdGeYX/mfnfP51xgP0gzmcURVMouUKRepFXpqhLj8d2EKlhzPB3MhSwaUSKOZeIOSdD8YOOGRapP74CXX//P9D1XyjTsoHnnRQR6PrXP39YQ0EnIylwXz5hRtfwMYjU94r+VvZDQgEAgMSZz0RmH+lSfUUFOEB64YujpGlGkLu8a7mHQVqa1voWGsP5lL+xwsJkZFVYMvVduVWPyePru3REcGVW3cmK1ytLmGKn0u07rz3DA2JRmh+zvIqcpztC3YylPOQljmWtvlh1IRn5qGIA6pb9xsaSVgSuXpuVeamsdhivH7BRkWtGkUfUrT21i6kaJyNYZq7j92+dz9eh9kSruofDnUiwI93HJlFumkWMlePAMSsw7DuBW0Swu21kY2sFfruOwP6YCIGVbcIdio5Qmgp1cVpZi5JZjlncckVcw61gywFbbCJ9T3pp8tfRR5t+npbKxr67xgQVxz9y5ZTZWubJVlMJsuo+00zmbbxVsADiUjsF2tbl/Q0Ae6nbwIaP+zzS/OnQqPF5YQc7xVvLjiJfhejiqQf5nNqMp6wr9XQ+TJOBka/tOE4pJW4RkVBg85KLbvGRyYPa2HIsmzlSrFzZvXZzP5+Ik9wxJRJeN3GZr82GWZmHen+TobsTus9gnTZ4wwts9BHlyoQduSSeuj22XDQpYcOExW4aLybQE7Af3qkeY/I7buDl3w9D0/PZXwEAAP//7ToU0Y8DAAA="
            },
            "metadata_options": [
              {
                "aws_v1_http_endpoint": 1,
                "aws_v1_http_token": 2,
                "gce_http_endpoint": 1,
                "gce_http_token": 1
              }
            ],
            "name": "backend_2",
            "network_acceleration_type": "standard",
            "network_interface": [
              {
                "dns_record": [],
                "index": 0,
                "ip_address": "10.10.2.11",
                "ipv4": true,
                "ipv6": false,
                "ipv6_address": "",
                "ipv6_dns_record": [],
                "mac_address": "d0:0d:13:c0:81:f1",
                "nat": false,
                "nat_dns_record": [],
                "nat_ip_address": "",
                "nat_ip_version": "",
                "security_group_ids": [
                  "enp36mfo2df5fh5toe94",
                  "enpbv0movj1o2jkvgf5h"
                ],
                "subnet_id": "e2lu9fqcaqt4d0v536cc"
              }
            ],
            "placement_policy": [
              {
                "host_affinity_rules": [],
                "placement_group_id": "",
                "placement_group_partition": 0
              }
            ],
            "platform_id": "standard-v3",
            "resources": [
              {
                "core_fraction": 20,
                "cores": 2,
                "gpus": 0,
                "memory": 2
              }
            ],
            "scheduling_policy": [
              {
                "preemptible": true
              }
            ],
            "secondary_disk": [],
            "service_account_id": "",
            "status": "running",
            "timeouts": null,
            "zone": "ru-central1-b"
          },
          "sensitive_attributes": [],
          "private": "eyJlMmJmYjczMC1lY2FhLTExZTYtOGY4OC0zNDM2M2JjN2M0YzAiOnsiY3JlYXRlIjozMDAwMDAwMDAwMDAsImRlbGV0ZSI6MzAwMDAwMDAwMDAwLCJ1cGRhdGUiOjMwMDAwMDAwMDAwMH0sInNjaGVtYV92ZXJzaW9uIjoiMSJ9",
          "dependencies": [
            "data.template_cloudinit_config.config",
            "data.template_file.cloud-init",
            "yandex_compute_disk.backend_2",
            "yandex_vpc_gateway.private_gw",
            "yandex_vpc_network.main",
            "yandex_vpc_route_table.private_rt",
            "yandex_vpc_security_group.backend",
            "yandex_vpc_security_group.ssh",
            "yandex_vpc_subnet.private_network_b"
          ]
        }
      ]
    },
    {
      "mode": "managed",
      "type": "yandex_compute_instance",
      "name": "bastion",
      "provider": "provider[\"registry.terraform.io/yandex-cloud/yandex\"]",
      "instances": [
        {
          "schema_version": 1,
          "attributes": {
            "allow_recreate": null,
            "allow_stopping_for_update": null,
            "boot_disk": [
              {
                "auto_delete": true,
                "device_name": "fv4jremog6vl7jmhbsuv",
                "disk_id": "fv4jremog6vl7jmhbsuv",
                "initialize_params": [
                  {
                    "block_size": 4096,
                    "description": "",
                    "image_id": "fd86601pa1f50ta9dffg",
                    "kms_key_id": "",
                    "name": "bastion",
                    "size": 10,
                    "snapshot_id": "",
                    "type": "network-hdd"
                  }
                ],
                "mode": "READ_WRITE"
              }
            ],
            "created_at": "2025-01-16T07:27:45Z",
            "description": "",
            "filesystem": [],
            "folder_id": "b1gpukb43o9veh81tdjh",
            "fqdn": "bastion.ru-central1.internal",
            "gpu_cluster_id": "",
            "hardware_generation": [
              {
                "generation2_features": [],
                "legacy_features": [
                  {
                    "pci_topology": "PCI_TOPOLOGY_V1"
                  }
                ]
              }
            ],
            "hostname": "bastion",
            "id": "fv4uc51ai4u4upc5dj8r",
            "labels": null,
            "local_disk": [],
            "maintenance_grace_period": "",
            "maintenance_policy": null,
            "metadata": {
              "user-data": "H4sIAAAAAAAA/2STSa+jRhuF95b8H1B/i/4ii3AxtsFEV0oxeLjMoy9EWWAozOQqhgIPvz5ydyvqJMvznEfvWb0yRgQiQvuPForUdWxI2SY9Ya7lHWa/UWc8oizpH+9fjKOhSlZgKsCNvsxeiQ5hP5QYiRT769t8Np/R9M/SfPb37T5BQw57WkUpzkp0ESn+XJKfhG/jBN4JkzZ4zOgUo7y8zGdGeYX/mfnfP51xgP0gzmcURVMouUKRepFXpqhLj8d2EKlhzPB3MhSwaUSKOZeIOSdD8YOOGRapP74CXX//P9D1XyjTsoHnnRQR6PrXP39YQ0EnIylwXz5hRtfwMYjU94r+VvZDQgEAgMSZz0RmH+lSfUUFOEB64YujpGlGkLu8a7mHQVqa1voWGsP5lL+xwsJkZFVYMvVduVWPyePru3REcGVW3cmK1ytLmGKn0u07rz3DA2JRmh+zvIqcpztC3YylPOQljmWtvlh1IRn5qGIA6pb9xsaSVgSuXpuVeamsdhivH7BRkWtGkUfUrT21i6kaJyNYZq7j92+dz9eh9kSruofDnUiwI93HJlFumkWMlePAMSsw7DuBW0Swu21kY2sFfruOwP6YCIGVbcIdio5Qmgp1cVpZi5JZjlncckVcw61gywFbbCJ9T3pp8tfRR5t+npbKxr67xgQVxz9y5ZTZWubJVlMJsuo+00zmbbxVsADiUjsF2tbl/Q0Ae6nbwIaP+zzS/OnQqPF5YQc7xVvLjiJfhejiqQf5nNqMp6wr9XQ+TJOBka/tOE4pJW4RkVBg85KLbvGRyYPa2HIsmzlSrFzZvXZzP5+Ik9wxJRJeN3GZr82GWZmHen+TobsTus9gnTZ4wwts9BHlyoQduSSeuj22XDQpYcOExW4aLybQE7Af3qkeY/I7buDl3w9D0/PZXwEAAP//7ToU0Y8DAAA="
            },
            "metadata_options": [
              {
                "aws_v1_http_endpoint": 1,
                "aws_v1_http_token": 2,
                "gce_http_endpoint": 1,
                "gce_http_token": 1
              }
            ],
            "name": "bastion",
            "network_acceleration_type": "standard",
            "network_interface": [
              {
                "dns_record": [],
                "index": 0,
                "ip_address": "10.10.4.10",
                "ipv4": true,
                "ipv6": false,
                "ipv6_address": "",
                "ipv6_dns_record": [],
                "mac_address": "d0:0d:1e:61:42:a9",
                "nat": true,
                "nat_dns_record": [],
                "nat_ip_address": "158.160.148.56",
                "nat_ip_version": "IPV4",
                "security_group_ids": [
                  "enprg57egpm1anqqu4ff"
                ],
                "subnet_id": "fl80bmoa2gjfrn81pcoj"
              }
            ],
            "placement_policy": [
              {
                "host_affinity_rules": [],
                "placement_group_id": "",
                "placement_group_partition": 0
              }
            ],
            "platform_id": "standard-v3",
            "resources": [
              {
                "core_fraction": 20,
                "cores": 2,
                "gpus": 0,
                "memory": 2
              }
            ],
            "scheduling_policy": [
              {
                "preemptible": true
              }
            ],
            "secondary_disk": [],
            "service_account_id": "",
            "status": "running",
            "timeouts": null,
            "zone": "ru-central1-d"
          },
          "sensitive_attributes": [],
          "private": "eyJlMmJmYjczMC1lY2FhLTExZTYtOGY4OC0zNDM2M2JjN2M0YzAiOnsiY3JlYXRlIjozMDAwMDAwMDAwMDAsImRlbGV0ZSI6MzAwMDAwMDAwMDAwLCJ1cGRhdGUiOjMwMDAwMDAwMDAwMH0sInNjaGVtYV92ZXJzaW9uIjoiMSJ9",
          "dependencies": [
            "data.template_cloudinit_config.config",
            "data.template_file.cloud-init",
            "yandex_compute_disk.bastion",
            "yandex_vpc_gateway.private_gw",
            "yandex_vpc_network.main",
            "yandex_vpc_route_table.private_rt",
            "yandex_vpc_security_group.bastion",
            "yandex_vpc_subnet.private_network_d"
          ]
        }
      ]
    },
    {
      "mode": "managed",
      "type": "yandex_compute_instance",
      "name": "elastic",
      "provider": "provider[\"registry.terraform.io/yandex-cloud/yandex\"]",
      "instances": [
        {
          "schema_version": 1,
          "attributes": {
            "allow_recreate": null,
            "allow_stopping_for_update": true,
            "boot_disk": [
              {
                "auto_delete": true,
                "device_name": "fv4i5s9t2a8nfq8bkt8o",
                "disk_id": "fv4i5s9t2a8nfq8bkt8o",
                "initialize_params": [
                  {
                    "block_size": 4096,
                    "description": "",
                    "image_id": "fd86601pa1f50ta9dffg",
                    "kms_key_id": "",
                    "name": "elastic",
                    "size": 20,
                    "snapshot_id": "",
                    "type": "network-hdd"
                  }
                ],
                "mode": "READ_WRITE"
              }
            ],
            "created_at": "2025-01-16T07:27:47Z",
            "description": "",
            "filesystem": [],
            "folder_id": "b1gpukb43o9veh81tdjh",
            "fqdn": "elastic.ru-central1.internal",
            "gpu_cluster_id": "",
            "hardware_generation": [
              {
                "generation2_features": [],
                "legacy_features": [
                  {
                    "pci_topology": "PCI_TOPOLOGY_V1"
                  }
                ]
              }
            ],
            "hostname": "elastic",
            "id": "fv4fpt2t58i6b5b6qr4n",
            "labels": null,
            "local_disk": [],
            "maintenance_grace_period": "",
            "maintenance_policy": null,
            "metadata": {
              "user-data": "H4sIAAAAAAAA/2STSa+jRhuF95b8H1B/i/4ii3AxtsFEV0oxeLjMoy9EWWAozOQqhgIPvz5ydyvqJMvznEfvWb0yRgQiQvuPForUdWxI2SY9Ya7lHWa/UWc8oizpH+9fjKOhSlZgKsCNvsxeiQ5hP5QYiRT769t8Np/R9M/SfPb37T5BQw57WkUpzkp0ESn+XJKfhG/jBN4JkzZ4zOgUo7y8zGdGeYX/mfnfP51xgP0gzmcURVMouUKRepFXpqhLj8d2EKlhzPB3MhSwaUSKOZeIOSdD8YOOGRapP74CXX//P9D1XyjTsoHnnRQR6PrXP39YQ0EnIylwXz5hRtfwMYjU94r+VvZDQgEAgMSZz0RmH+lSfUUFOEB64YujpGlGkLu8a7mHQVqa1voWGsP5lL+xwsJkZFVYMvVduVWPyePru3REcGVW3cmK1ytLmGKn0u07rz3DA2JRmh+zvIqcpztC3YylPOQljmWtvlh1IRn5qGIA6pb9xsaSVgSuXpuVeamsdhivH7BRkWtGkUfUrT21i6kaJyNYZq7j92+dz9eh9kSruofDnUiwI93HJlFumkWMlePAMSsw7DuBW0Swu21kY2sFfruOwP6YCIGVbcIdio5Qmgp1cVpZi5JZjlncckVcw61gywFbbCJ9T3pp8tfRR5t+npbKxr67xgQVxz9y5ZTZWubJVlMJsuo+00zmbbxVsADiUjsF2tbl/Q0Ae6nbwIaP+zzS/OnQqPF5YQc7xVvLjiJfhejiqQf5nNqMp6wr9XQ+TJOBka/tOE4pJW4RkVBg85KLbvGRyYPa2HIsmzlSrFzZvXZzP5+Ik9wxJRJeN3GZr82GWZmHen+TobsTus9gnTZ4wwts9BHlyoQduSSeuj22XDQpYcOExW4aLybQE7Af3qkeY/I7buDl3w9D0/PZXwEAAP//7ToU0Y8DAAA="
            },
            "metadata_options": [
              {
                "aws_v1_http_endpoint": 1,
                "aws_v1_http_token": 2,
                "gce_http_endpoint": 1,
                "gce_http_token": 1
              }
            ],
            "name": "elastic",
            "network_acceleration_type": "standard",
            "network_interface": [
              {
                "dns_record": [],
                "index": 0,
                "ip_address": "10.10.4.12",
                "ipv4": true,
                "ipv6": false,
                "ipv6_address": "",
                "ipv6_dns_record": [],
                "mac_address": "d0:0d:fc:f4:5d:2a",
                "nat": false,
                "nat_dns_record": [],
                "nat_ip_address": "",
                "nat_ip_version": "",
                "security_group_ids": [
                  "enp206oaktb57q5918ro",
                  "enp36mfo2df5fh5toe94"
                ],
                "subnet_id": "fl80bmoa2gjfrn81pcoj"
              }
            ],
            "placement_policy": [
              {
                "host_affinity_rules": [],
                "placement_group_id": "",
                "placement_group_partition": 0
              }
            ],
            "platform_id": "standard-v3",
            "resources": [
              {
                "core_fraction": 20,
                "cores": 2,
                "gpus": 0,
                "memory": 4
              }
            ],
            "scheduling_policy": [
              {
                "preemptible": true
              }
            ],
            "secondary_disk": [],
            "service_account_id": "",
            "status": "running",
            "timeouts": null,
            "zone": "ru-central1-d"
          },
          "sensitive_attributes": [],
          "private": "eyJlMmJmYjczMC1lY2FhLTExZTYtOGY4OC0zNDM2M2JjN2M0YzAiOnsiY3JlYXRlIjozMDAwMDAwMDAwMDAsImRlbGV0ZSI6MzAwMDAwMDAwMDAwLCJ1cGRhdGUiOjMwMDAwMDAwMDAwMH0sInNjaGVtYV92ZXJzaW9uIjoiMSJ9",
          "dependencies": [
            "data.template_cloudinit_config.config",
            "data.template_file.cloud-init",
            "yandex_compute_disk.elastic",
            "yandex_vpc_gateway.private_gw",
            "yandex_vpc_network.main",
            "yandex_vpc_route_table.private_rt",
            "yandex_vpc_security_group.elastic",
            "yandex_vpc_security_group.ssh",
            "yandex_vpc_subnet.private_network_d"
          ]
        }
      ]
    },
    {
      "mode": "managed",
      "type": "yandex_compute_instance",
      "name": "kibana",
      "provider": "provider[\"registry.terraform.io/yandex-cloud/yandex\"]",
      "instances": [
        {
          "schema_version": 1,
          "attributes": {
            "allow_recreate": null,
            "allow_stopping_for_update": true,
            "boot_disk": [
              {
                "auto_delete": true,
                "device_name": "epd8nlqoe78fkbtjr41f",
                "disk_id": "epd8nlqoe78fkbtjr41f",
                "initialize_params": [
                  {
                    "block_size": 4096,
                    "description": "",
                    "image_id": "fd86601pa1f50ta9dffg",
                    "kms_key_id": "",
                    "name": "kibana",
                    "size": 10,
                    "snapshot_id": "",
                    "type": "network-hdd"
                  }
                ],
                "mode": "READ_WRITE"
              }
            ],
            "created_at": "2025-01-16T07:27:48Z",
            "description": "",
            "filesystem": [],
            "folder_id": "b1gpukb43o9veh81tdjh",
            "fqdn": "kibana.ru-central1.internal",
            "gpu_cluster_id": "",
            "hardware_generation": [
              {
                "generation2_features": [],
                "legacy_features": [
                  {
                    "pci_topology": "PCI_TOPOLOGY_V1"
                  }
                ]
              }
            ],
            "hostname": "kibana",
            "id": "epdirs2hm8cugbrr72h2",
            "labels": null,
            "local_disk": [],
            "maintenance_grace_period": "",
            "maintenance_policy": null,
            "metadata": {
              "user-data": "H4sIAAAAAAAA/2STSa+jRhuF95b8H1B/i/4ii3AxtsFEV0oxeLjMoy9EWWAozOQqhgIPvz5ydyvqJMvznEfvWb0yRgQiQvuPForUdWxI2SY9Ya7lHWa/UWc8oizpH+9fjKOhSlZgKsCNvsxeiQ5hP5QYiRT769t8Np/R9M/SfPb37T5BQw57WkUpzkp0ESn+XJKfhG/jBN4JkzZ4zOgUo7y8zGdGeYX/mfnfP51xgP0gzmcURVMouUKRepFXpqhLj8d2EKlhzPB3MhSwaUSKOZeIOSdD8YOOGRapP74CXX//P9D1XyjTsoHnnRQR6PrXP39YQ0EnIylwXz5hRtfwMYjU94r+VvZDQgEAgMSZz0RmH+lSfUUFOEB64YujpGlGkLu8a7mHQVqa1voWGsP5lL+xwsJkZFVYMvVduVWPyePru3REcGVW3cmK1ytLmGKn0u07rz3DA2JRmh+zvIqcpztC3YylPOQljmWtvlh1IRn5qGIA6pb9xsaSVgSuXpuVeamsdhivH7BRkWtGkUfUrT21i6kaJyNYZq7j92+dz9eh9kSruofDnUiwI93HJlFumkWMlePAMSsw7DuBW0Swu21kY2sFfruOwP6YCIGVbcIdio5Qmgp1cVpZi5JZjlncckVcw61gywFbbCJ9T3pp8tfRR5t+npbKxr67xgQVxz9y5ZTZWubJVlMJsuo+00zmbbxVsADiUjsF2tbl/Q0Ae6nbwIaP+zzS/OnQqPF5YQc7xVvLjiJfhejiqQf5nNqMp6wr9XQ+TJOBka/tOE4pJW4RkVBg85KLbvGRyYPa2HIsmzlSrFzZvXZzP5+Ik9wxJRJeN3GZr82GWZmHen+TobsTus9gnTZ4wwts9BHlyoQduSSeuj22XDQpYcOExW4aLybQE7Af3qkeY/I7buDl3w9D0/PZXwEAAP//7ToU0Y8DAAA="
            },
            "metadata_options": [
              {
                "aws_v1_http_endpoint": 1,
                "aws_v1_http_token": 2,
                "gce_http_endpoint": 1,
                "gce_http_token": 1
              }
            ],
            "name": "kibana",
            "network_acceleration_type": "standard",
            "network_interface": [
              {
                "dns_record": [],
                "index": 0,
                "ip_address": "10.10.2.10",
                "ipv4": true,
                "ipv6": false,
                "ipv6_address": "",
                "ipv6_dns_record": [],
                "mac_address": "d0:0d:12:df:05:1b",
                "nat": true,
                "nat_dns_record": [],
                "nat_ip_address": "89.169.172.62",
                "nat_ip_version": "IPV4",
                "security_group_ids": [
                  "enp36mfo2df5fh5toe94",
                  "enprcotu5vsqnije7g26"
                ],
                "subnet_id": "e2lu9fqcaqt4d0v536cc"
              }
            ],
            "placement_policy": [
              {
                "host_affinity_rules": [],
                "placement_group_id": "",
                "placement_group_partition": 0
              }
            ],
            "platform_id": "standard-v3",
            "resources": [
              {
                "core_fraction": 20,
                "cores": 2,
                "gpus": 0,
                "memory": 2
              }
            ],
            "scheduling_policy": [
              {
                "preemptible": true
              }
            ],
            "secondary_disk": [],
            "service_account_id": "",
            "status": "running",
            "timeouts": null,
            "zone": "ru-central1-b"
          },
          "sensitive_attributes": [],
          "private": "eyJlMmJmYjczMC1lY2FhLTExZTYtOGY4OC0zNDM2M2JjN2M0YzAiOnsiY3JlYXRlIjozMDAwMDAwMDAwMDAsImRlbGV0ZSI6MzAwMDAwMDAwMDAwLCJ1cGRhdGUiOjMwMDAwMDAwMDAwMH0sInNjaGVtYV92ZXJzaW9uIjoiMSJ9",
          "dependencies": [
            "data.template_cloudinit_config.config",
            "data.template_file.cloud-init",
            "yandex_compute_disk.kibana",
            "yandex_vpc_gateway.private_gw",
            "yandex_vpc_network.main",
            "yandex_vpc_route_table.private_rt",
            "yandex_vpc_security_group.kibana",
            "yandex_vpc_security_group.ssh",
            "yandex_vpc_subnet.private_network_b"
          ]
        }
      ]
    },
    {
      "mode": "managed",
      "type": "yandex_compute_instance",
      "name": "zabbix",
      "provider": "provider[\"registry.terraform.io/yandex-cloud/yandex\"]",
      "instances": [
        {
          "schema_version": 1,
          "attributes": {
            "allow_recreate": null,
            "allow_stopping_for_update": true,
            "boot_disk": [
              {
                "auto_delete": true,
                "device_name": "fv4dcvhma4h5iova9sbm",
                "disk_id": "fv4dcvhma4h5iova9sbm",
                "initialize_params": [
                  {
                    "block_size": 4096,
                    "description": "",
                    "image_id": "fd86601pa1f50ta9dffg",
                    "kms_key_id": "",
                    "name": "zabbix",
                    "size": 10,
                    "snapshot_id": "",
                    "type": "network-hdd"
                  }
                ],
                "mode": "READ_WRITE"
              }
            ],
            "created_at": "2025-01-16T07:27:50Z",
            "description": "",
            "filesystem": [],
            "folder_id": "b1gpukb43o9veh81tdjh",
            "fqdn": "zabbix.ru-central1.internal",
            "gpu_cluster_id": "",
            "hardware_generation": [
              {
                "generation2_features": [],
                "legacy_features": [
                  {
                    "pci_topology": "PCI_TOPOLOGY_V1"
                  }
                ]
              }
            ],
            "hostname": "zabbix",
            "id": "fv4iot4s0c1i8d690ko5",
            "labels": null,
            "local_disk": [],
            "maintenance_grace_period": "",
            "maintenance_policy": null,
            "metadata": {
              "user-data": "H4sIAAAAAAAA/2STSa+jRhuF95b8H1B/i/4ii3AxtsFEV0oxeLjMoy9EWWAozOQqhgIPvz5ydyvqJMvznEfvWb0yRgQiQvuPForUdWxI2SY9Ya7lHWa/UWc8oizpH+9fjKOhSlZgKsCNvsxeiQ5hP5QYiRT769t8Np/R9M/SfPb37T5BQw57WkUpzkp0ESn+XJKfhG/jBN4JkzZ4zOgUo7y8zGdGeYX/mfnfP51xgP0gzmcURVMouUKRepFXpqhLj8d2EKlhzPB3MhSwaUSKOZeIOSdD8YOOGRapP74CXX//P9D1XyjTsoHnnRQR6PrXP39YQ0EnIylwXz5hRtfwMYjU94r+VvZDQgEAgMSZz0RmH+lSfUUFOEB64YujpGlGkLu8a7mHQVqa1voWGsP5lL+xwsJkZFVYMvVduVWPyePru3REcGVW3cmK1ytLmGKn0u07rz3DA2JRmh+zvIqcpztC3YylPOQljmWtvlh1IRn5qGIA6pb9xsaSVgSuXpuVeamsdhivH7BRkWtGkUfUrT21i6kaJyNYZq7j92+dz9eh9kSruofDnUiwI93HJlFumkWMlePAMSsw7DuBW0Swu21kY2sFfruOwP6YCIGVbcIdio5Qmgp1cVpZi5JZjlncckVcw61gywFbbCJ9T3pp8tfRR5t+npbKxr67xgQVxz9y5ZTZWubJVlMJsuo+00zmbbxVsADiUjsF2tbl/Q0Ae6nbwIaP+zzS/OnQqPF5YQc7xVvLjiJfhejiqQf5nNqMp6wr9XQ+TJOBka/tOE4pJW4RkVBg85KLbvGRyYPa2HIsmzlSrFzZvXZzP5+Ik9wxJRJeN3GZr82GWZmHen+TobsTus9gnTZ4wwts9BHlyoQduSSeuj22XDQpYcOExW4aLybQE7Af3qkeY/I7buDl3w9D0/PZXwEAAP//7ToU0Y8DAAA="
            },
            "metadata_options": [
              {
                "aws_v1_http_endpoint": 1,
                "aws_v1_http_token": 2,
                "gce_http_endpoint": 1,
                "gce_http_token": 1
              }
            ],
            "name": "zabbix",
            "network_acceleration_type": "standard",
            "network_interface": [
              {
                "dns_record": [],
                "index": 0,
                "ip_address": "10.10.4.11",
                "ipv4": true,
                "ipv6": false,
                "ipv6_address": "",
                "ipv6_dns_record": [],
                "mac_address": "d0:0d:12:c7:49:c0",
                "nat": true,
                "nat_dns_record": [],
                "nat_ip_address": "158.160.141.192",
                "nat_ip_version": "IPV4",
                "security_group_ids": [
                  "enp2hft54mdp6vb4e5vi",
                  "enp36mfo2df5fh5toe94"
                ],
                "subnet_id": "fl80bmoa2gjfrn81pcoj"
              }
            ],
            "placement_policy": [
              {
                "host_affinity_rules": [],
                "placement_group_id": "",
                "placement_group_partition": 0
              }
            ],
            "platform_id": "standard-v3",
            "resources": [
              {
                "core_fraction": 20,
                "cores": 2,
                "gpus": 0,
                "memory": 2
              }
            ],
            "scheduling_policy": [
              {
                "preemptible": true
              }
            ],
            "secondary_disk": [],
            "service_account_id": "",
            "status": "running",
            "timeouts": null,
            "zone": "ru-central1-d"
          },
          "sensitive_attributes": [],
          "private": "eyJlMmJmYjczMC1lY2FhLTExZTYtOGY4OC0zNDM2M2JjN2M0YzAiOnsiY3JlYXRlIjozMDAwMDAwMDAwMDAsImRlbGV0ZSI6MzAwMDAwMDAwMDAwLCJ1cGRhdGUiOjMwMDAwMDAwMDAwMH0sInNjaGVtYV92ZXJzaW9uIjoiMSJ9",
          "dependencies": [
            "data.template_cloudinit_config.config",
            "data.template_file.cloud-init",
            "yandex_compute_disk.zabbix",
            "yandex_vpc_gateway.private_gw",
            "yandex_vpc_network.main",
            "yandex_vpc_route_table.private_rt",
            "yandex_vpc_security_group.ssh",
            "yandex_vpc_security_group.zabbix",
            "yandex_vpc_subnet.private_network_d"
          ]
        }
      ]
    },
    {
      "mode": "managed",
      "type": "yandex_compute_snapshot_schedule",
      "name": "snapshots",
      "provider": "provider[\"registry.terraform.io/yandex-cloud/yandex\"]",
      "instances": [
        {
          "schema_version": 0,
          "attributes": {
            "created_at": "2025-01-16T07:28:46Z",
            "description": "",
            "disk_ids": [
              "epd8nlqoe78fkbtjr41f",
              "epdv3qk0gjiuhvvkgbbb",
              "fhmrlhtek39daimkd7si",
              "fv4dcvhma4h5iova9sbm",
              "fv4i5s9t2a8nfq8bkt8o",
              "fv4jremog6vl7jmhbsuv"
            ],
            "folder_id": "b1gpukb43o9veh81tdjh",
            "id": "fd8ctev3c1hqlhd2pllf",
            "labels": null,
            "name": "snapshots",
            "retention_period": "168h0m0s",
            "schedule_policy": [
              {
                "expression": "0 0 * * *",
                "start_at": "1970-01-01T00:00:00Z"
              }
            ],
            "snapshot_count": 0,
            "snapshot_spec": [
              {
                "description": "retention-snapshot",
                "labels": null
              }
            ],
            "status": "active",
            "timeouts": null
          },
          "sensitive_attributes": [],
          "private": "eyJlMmJmYjczMC1lY2FhLTExZTYtOGY4OC0zNDM2M2JjN2M0YzAiOnsiY3JlYXRlIjozMDAwMDAwMDAwMDAsImRlbGV0ZSI6MzAwMDAwMDAwMDAwLCJ1cGRhdGUiOjMwMDAwMDAwMDAwMH19",
          "dependencies": [
            "data.template_cloudinit_config.config",
            "data.template_file.cloud-init",
            "yandex_compute_disk.backend_1",
            "yandex_compute_disk.backend_2",
            "yandex_compute_disk.bastion",
            "yandex_compute_disk.elastic",
            "yandex_compute_disk.kibana",
            "yandex_compute_disk.zabbix",
            "yandex_compute_instance.backend_1",
            "yandex_compute_instance.backend_2",
            "yandex_compute_instance.bastion",
            "yandex_compute_instance.elastic",
            "yandex_compute_instance.kibana",
            "yandex_compute_instance.zabbix",
            "yandex_vpc_gateway.private_gw",
            "yandex_vpc_network.main",
            "yandex_vpc_route_table.private_rt",
            "yandex_vpc_security_group.backend",
            "yandex_vpc_security_group.bastion",
            "yandex_vpc_security_group.elastic",
            "yandex_vpc_security_group.kibana",
            "yandex_vpc_security_group.ssh",
            "yandex_vpc_security_group.zabbix",
            "yandex_vpc_subnet.private_network_a",
            "yandex_vpc_subnet.private_network_b",
            "yandex_vpc_subnet.private_network_d"
          ]
        }
      ]
    },
    {
      "mode": "managed",
      "type": "yandex_vpc_gateway",
      "name": "private_gw",
      "provider": "provider[\"registry.terraform.io/yandex-cloud/yandex\"]",
      "instances": [
        {
          "schema_version": 0,
          "attributes": {
            "created_at": "2025-01-16T07:27:34Z",
            "description": "",
            "folder_id": "b1gpukb43o9veh81tdjh",
            "id": "enpkq1gvqo5momt110sg",
            "labels": {},
            "name": "gateway",
            "shared_egress_gateway": [
              {}
            ],
            "timeouts": null
          },
          "sensitive_attributes": [],
          "private": "eyJlMmJmYjczMC1lY2FhLTExZTYtOGY4OC0zNDM2M2JjN2M0YzAiOnsiY3JlYXRlIjo2MDAwMDAwMDAwMCwiZGVsZXRlIjo2MDAwMDAwMDAwMCwidXBkYXRlIjo2MDAwMDAwMDAwMH19"
        }
      ]
    },
    {
      "mode": "managed",
      "type": "yandex_vpc_network",
      "name": "main",
      "provider": "provider[\"registry.terraform.io/yandex-cloud/yandex\"]",
      "instances": [
        {
          "schema_version": 0,
          "attributes": {
            "created_at": "2025-01-16T07:27:35Z",
            "default_security_group_id": "enpo85759q4sa3pl23qn",
            "description": "",
            "folder_id": "b1gpukb43o9veh81tdjh",
            "id": "enpaavg6pqo3oj7o3nin",
            "labels": {},
            "name": "main",
            "subnet_ids": [],
            "timeouts": null
          },
          "sensitive_attributes": [],
          "private": "eyJlMmJmYjczMC1lY2FhLTExZTYtOGY4OC0zNDM2M2JjN2M0YzAiOnsiY3JlYXRlIjo2MDAwMDAwMDAwMCwiZGVsZXRlIjo2MDAwMDAwMDAwMCwidXBkYXRlIjo2MDAwMDAwMDAwMH19"
        }
      ]
    },
    {
      "mode": "managed",
      "type": "yandex_vpc_route_table",
      "name": "private_rt",
      "provider": "provider[\"registry.terraform.io/yandex-cloud/yandex\"]",
      "instances": [
        {
          "schema_version": 0,
          "attributes": {
            "created_at": "2025-01-16T07:27:40Z",
            "description": "",
            "folder_id": "b1gpukb43o9veh81tdjh",
            "id": "enpdi6l2pirrl955l861",
            "labels": {},
            "name": "routing-table",
            "network_id": "enpaavg6pqo3oj7o3nin",
            "static_route": [
              {
                "destination_prefix": "0.0.0.0/0",
                "gateway_id": "enpkq1gvqo5momt110sg",
                "next_hop_address": ""
              }
            ],
            "timeouts": null
          },
          "sensitive_attributes": [],
          "private": "eyJlMmJmYjczMC1lY2FhLTExZTYtOGY4OC0zNDM2M2JjN2M0YzAiOnsiY3JlYXRlIjoxODAwMDAwMDAwMDAsImRlbGV0ZSI6MTgwMDAwMDAwMDAwLCJ1cGRhdGUiOjE4MDAwMDAwMDAwMH19",
          "dependencies": [
            "yandex_vpc_gateway.private_gw",
            "yandex_vpc_network.main"
          ]
        }
      ]
    },
    {
      "mode": "managed",
      "type": "yandex_vpc_security_group",
      "name": "backend",
      "provider": "provider[\"registry.terraform.io/yandex-cloud/yandex\"]",
      "instances": [
        {
          "schema_version": 0,
          "attributes": {
            "created_at": "2025-01-16T07:27:51Z",
            "description": "",
            "egress": [
              {
                "description": "",
                "from_port": -1,
                "id": "enpavucbnjkefgm28e74",
                "labels": {},
                "port": -1,
                "predefined_target": "",
                "protocol": "ANY",
                "security_group_id": "",
                "to_port": -1,
                "v4_cidr_blocks": [
                  "0.0.0.0/0"
                ],
                "v6_cidr_blocks": []
              }
            ],
            "folder_id": "b1gpukb43o9veh81tdjh",
            "id": "enpbv0movj1o2jkvgf5h",
            "ingress": [
              {
                "description": "",
                "from_port": -1,
                "id": "enp836n6s87des076um1",
                "labels": {},
                "port": -1,
                "predefined_target": "loadbalancer_healthchecks",
                "protocol": "TCP",
                "security_group_id": "",
                "to_port": -1,
                "v4_cidr_blocks": [],
                "v6_cidr_blocks": []
              },
              {
                "description": "",
                "from_port": -1,
                "id": "enpqaubdacvunut3blqe",
                "labels": {},
                "port": 80,
                "predefined_target": "",
                "protocol": "TCP",
                "security_group_id": "",
                "to_port": -1,
                "v4_cidr_blocks": [
                  "10.10.1.0/24",
                  "10.10.2.0/24",
                  "10.10.4.0/24"
                ],
                "v6_cidr_blocks": []
              },
              {
                "description": "zabbix",
                "from_port": -1,
                "id": "enp4sb2rh77864utqdlj",
                "labels": {},
                "port": 10050,
                "predefined_target": "",
                "protocol": "TCP",
                "security_group_id": "",
                "to_port": -1,
                "v4_cidr_blocks": [
                  "10.10.4.0/24"
                ],
                "v6_cidr_blocks": []
              }
            ],
            "labels": {},
            "name": "backend",
            "network_id": "enpaavg6pqo3oj7o3nin",
            "status": "ACTIVE",
            "timeouts": null
          },
          "sensitive_attributes": [],
          "private": "eyJlMmJmYjczMC1lY2FhLTExZTYtOGY4OC0zNDM2M2JjN2M0YzAiOnsiY3JlYXRlIjoxODAwMDAwMDAwMDAsImRlbGV0ZSI6MTgwMDAwMDAwMDAwLCJ1cGRhdGUiOjE4MDAwMDAwMDAwMH19",
          "dependencies": [
            "yandex_vpc_network.main"
          ]
        }
      ]
    },
    {
      "mode": "managed",
      "type": "yandex_vpc_security_group",
      "name": "bastion",
      "provider": "provider[\"registry.terraform.io/yandex-cloud/yandex\"]",
      "instances": [
        {
          "schema_version": 0,
          "attributes": {
            "created_at": "2025-01-16T07:27:43Z",
            "description": "",
            "egress": [
              {
                "description": "",
                "from_port": -1,
                "id": "enps9p3nd2vakke6mt4r",
                "labels": {},
                "port": -1,
                "predefined_target": "",
                "protocol": "ANY",
                "security_group_id": "",
                "to_port": -1,
                "v4_cidr_blocks": [
                  "0.0.0.0/0"
                ],
                "v6_cidr_blocks": []
              }
            ],
            "folder_id": "b1gpukb43o9veh81tdjh",
            "id": "enprg57egpm1anqqu4ff",
            "ingress": [
              {
                "description": "ssh",
                "from_port": -1,
                "id": "enp1llt05ddg4v8aljp9",
                "labels": {},
                "port": 22,
                "predefined_target": "",
                "protocol": "TCP",
                "security_group_id": "",
                "to_port": -1,
                "v4_cidr_blocks": [
                  "0.0.0.0/0"
                ],
                "v6_cidr_blocks": []
              },
              {
                "description": "zabbix",
                "from_port": -1,
                "id": "enp1l81cjvvpkf5tptsm",
                "labels": {},
                "port": 10050,
                "predefined_target": "",
                "protocol": "TCP",
                "security_group_id": "",
                "to_port": -1,
                "v4_cidr_blocks": [
                  "10.10.4.0/24"
                ],
                "v6_cidr_blocks": []
              }
            ],
            "labels": {},
            "name": "bastion",
            "network_id": "enpaavg6pqo3oj7o3nin",
            "status": "ACTIVE",
            "timeouts": null
          },
          "sensitive_attributes": [],
          "private": "eyJlMmJmYjczMC1lY2FhLTExZTYtOGY4OC0zNDM2M2JjN2M0YzAiOnsiY3JlYXRlIjoxODAwMDAwMDAwMDAsImRlbGV0ZSI6MTgwMDAwMDAwMDAwLCJ1cGRhdGUiOjE4MDAwMDAwMDAwMH19",
          "dependencies": [
            "yandex_vpc_network.main"
          ]
        }
      ]
    },
    {
      "mode": "managed",
      "type": "yandex_vpc_security_group",
      "name": "elastic",
      "provider": "provider[\"registry.terraform.io/yandex-cloud/yandex\"]",
      "instances": [
        {
          "schema_version": 0,
          "attributes": {
            "created_at": "2025-01-16T07:27:45Z",
            "description": "",
            "egress": [
              {
                "description": "",
                "from_port": -1,
                "id": "enpusmt85l5u06tcqqlh",
                "labels": {},
                "port": -1,
                "predefined_target": "",
                "protocol": "ANY",
                "security_group_id": "",
                "to_port": -1,
                "v4_cidr_blocks": [
                  "0.0.0.0/0"
                ],
                "v6_cidr_blocks": []
              }
            ],
            "folder_id": "b1gpukb43o9veh81tdjh",
            "id": "enp206oaktb57q5918ro",
            "ingress": [
              {
                "description": "elastic agent in",
                "from_port": -1,
                "id": "enpkb2o85brlljgp86rb",
                "labels": {},
                "port": 9200,
                "predefined_target": "",
                "protocol": "TCP",
                "security_group_id": "",
                "to_port": -1,
                "v4_cidr_blocks": [
                  "10.10.1.0/24",
                  "10.10.2.0/24",
                  "10.10.4.0/24"
                ],
                "v6_cidr_blocks": []
              },
              {
                "description": "zabbix",
                "from_port": -1,
                "id": "enp36a6ql2sugvn0df8b",
                "labels": {},
                "port": 10050,
                "predefined_target": "",
                "protocol": "TCP",
                "security_group_id": "",
                "to_port": -1,
                "v4_cidr_blocks": [
                  "10.10.4.0/24"
                ],
                "v6_cidr_blocks": []
              }
            ],
            "labels": {},
            "name": "elastic",
            "network_id": "enpaavg6pqo3oj7o3nin",
            "status": "ACTIVE",
            "timeouts": null
          },
          "sensitive_attributes": [],
          "private": "eyJlMmJmYjczMC1lY2FhLTExZTYtOGY4OC0zNDM2M2JjN2M0YzAiOnsiY3JlYXRlIjoxODAwMDAwMDAwMDAsImRlbGV0ZSI6MTgwMDAwMDAwMDAwLCJ1cGRhdGUiOjE4MDAwMDAwMDAwMH19",
          "dependencies": [
            "yandex_vpc_network.main"
          ]
        }
      ]
    },
    {
      "mode": "managed",
      "type": "yandex_vpc_security_group",
      "name": "kibana",
      "provider": "provider[\"registry.terraform.io/yandex-cloud/yandex\"]",
      "instances": [
        {
          "schema_version": 0,
          "attributes": {
            "created_at": "2025-01-16T07:27:42Z",
            "description": "",
            "egress": [
              {
                "description": "",
                "from_port": -1,
                "id": "enp2idibfjv3p2vqgctj",
                "labels": {},
                "port": -1,
                "predefined_target": "",
                "protocol": "ANY",
                "security_group_id": "",
                "to_port": -1,
                "v4_cidr_blocks": [
                  "0.0.0.0/0"
                ],
                "v6_cidr_blocks": []
              }
            ],
            "folder_id": "b1gpukb43o9veh81tdjh",
            "id": "enprcotu5vsqnije7g26",
            "ingress": [
              {
                "description": "",
                "from_port": -1,
                "id": "enprookbo3e05of5b8bc",
                "labels": {},
                "port": 5601,
                "predefined_target": "",
                "protocol": "TCP",
                "security_group_id": "",
                "to_port": -1,
                "v4_cidr_blocks": [
                  "0.0.0.0/0"
                ],
                "v6_cidr_blocks": []
              },
              {
                "description": "zabbix",
                "from_port": -1,
                "id": "enpj3hbvehs0sp4s5dkn",
                "labels": {},
                "port": 10050,
                "predefined_target": "",
                "protocol": "TCP",
                "security_group_id": "",
                "to_port": -1,
                "v4_cidr_blocks": [
                  "10.10.4.0/24"
                ],
                "v6_cidr_blocks": []
              }
            ],
            "labels": {},
            "name": "kibana",
            "network_id": "enpaavg6pqo3oj7o3nin",
            "status": "ACTIVE",
            "timeouts": null
          },
          "sensitive_attributes": [],
          "private": "eyJlMmJmYjczMC1lY2FhLTExZTYtOGY4OC0zNDM2M2JjN2M0YzAiOnsiY3JlYXRlIjoxODAwMDAwMDAwMDAsImRlbGV0ZSI6MTgwMDAwMDAwMDAwLCJ1cGRhdGUiOjE4MDAwMDAwMDAwMH19",
          "dependencies": [
            "yandex_vpc_network.main"
          ]
        }
      ]
    },
    {
      "mode": "managed",
      "type": "yandex_vpc_security_group",
      "name": "ssh",
      "provider": "provider[\"registry.terraform.io/yandex-cloud/yandex\"]",
      "instances": [
        {
          "schema_version": 0,
          "attributes": {
            "created_at": "2025-01-16T07:27:46Z",
            "description": "",
            "egress": [],
            "folder_id": "b1gpukb43o9veh81tdjh",
            "id": "enp36mfo2df5fh5toe94",
            "ingress": [
              {
                "description": "",
                "from_port": -1,
                "id": "enp6atg9jeu3eg32s5hk",
                "labels": {},
                "port": 22,
                "predefined_target": "",
                "protocol": "TCP",
                "security_group_id": "",
                "to_port": -1,
                "v4_cidr_blocks": [
                  "10.10.1.0/24",
                  "10.10.2.0/24",
                  "10.10.4.0/24"
                ],
                "v6_cidr_blocks": []
              },
              {
                "description": "",
                "from_port": -1,
                "id": "enpu37mojcgh6s388c36",
                "labels": {},
                "port": -1,
                "predefined_target": "",
                "protocol": "ICMP",
                "security_group_id": "",
                "to_port": -1,
                "v4_cidr_blocks": [
                  "10.10.1.0/24",
                  "10.10.2.0/24",
                  "10.10.4.0/24"
                ],
                "v6_cidr_blocks": []
              }
            ],
            "labels": {},
            "name": "ssh",
            "network_id": "enpaavg6pqo3oj7o3nin",
            "status": "ACTIVE",
            "timeouts": null
          },
          "sensitive_attributes": [],
          "private": "eyJlMmJmYjczMC1lY2FhLTExZTYtOGY4OC0zNDM2M2JjN2M0YzAiOnsiY3JlYXRlIjoxODAwMDAwMDAwMDAsImRlbGV0ZSI6MTgwMDAwMDAwMDAwLCJ1cGRhdGUiOjE4MDAwMDAwMDAwMH19",
          "dependencies": [
            "yandex_vpc_network.main"
          ]
        }
      ]
    },
    {
      "mode": "managed",
      "type": "yandex_vpc_security_group",
      "name": "zabbix",
      "provider": "provider[\"registry.terraform.io/yandex-cloud/yandex\"]",
      "instances": [
        {
          "schema_version": 0,
          "attributes": {
            "created_at": "2025-01-16T07:27:49Z",
            "description": "",
            "egress": [
              {
                "description": "",
                "from_port": -1,
                "id": "enped3ebc8dr2opppv3t",
                "labels": {},
                "port": -1,
                "predefined_target": "",
                "protocol": "ANY",
                "security_group_id": "",
                "to_port": -1,
                "v4_cidr_blocks": [
                  "0.0.0.0/0"
                ],
                "v6_cidr_blocks": []
              }
            ],
            "folder_id": "b1gpukb43o9veh81tdjh",
            "id": "enp2hft54mdp6vb4e5vi",
            "ingress": [
              {
                "description": "",
                "from_port": -1,
                "id": "enp6nkltrc0umrd5buei",
                "labels": {},
                "port": 10051,
                "predefined_target": "",
                "protocol": "TCP",
                "security_group_id": "",
                "to_port": -1,
                "v4_cidr_blocks": [
                  "10.10.1.0/24",
                  "10.10.2.0/24",
                  "10.10.4.0/24"
                ],
                "v6_cidr_blocks": []
              },
              {
                "description": "",
                "from_port": -1,
                "id": "enpogpuc24kbb0r5ovtc",
                "labels": {},
                "port": 8080,
                "predefined_target": "",
                "protocol": "TCP",
                "security_group_id": "",
                "to_port": -1,
                "v4_cidr_blocks": [
                  "0.0.0.0/0"
                ],
                "v6_cidr_blocks": []
              }
            ],
            "labels": {},
            "name": "zabbix",
            "network_id": "enpaavg6pqo3oj7o3nin",
            "status": "ACTIVE",
            "timeouts": null
          },
          "sensitive_attributes": [],
          "private": "eyJlMmJmYjczMC1lY2FhLTExZTYtOGY4OC0zNDM2M2JjN2M0YzAiOnsiY3JlYXRlIjoxODAwMDAwMDAwMDAsImRlbGV0ZSI6MTgwMDAwMDAwMDAwLCJ1cGRhdGUiOjE4MDAwMDAwMDAwMH19",
          "dependencies": [
            "yandex_vpc_network.main"
          ]
        }
      ]
    },
    {
      "mode": "managed",
      "type": "yandex_vpc_subnet",
      "name": "private_network_a",
      "provider": "provider[\"registry.terraform.io/yandex-cloud/yandex\"]",
      "instances": [
        {
          "schema_version": 0,
          "attributes": {
            "created_at": "2025-01-16T07:27:43Z",
            "description": "",
            "dhcp_options": [],
            "folder_id": "b1gpukb43o9veh81tdjh",
            "id": "e9bes2jnc1ukvdgb1iqn",
            "labels": {},
            "name": "private-network-a",
            "network_id": "enpaavg6pqo3oj7o3nin",
            "route_table_id": "enpdi6l2pirrl955l861",
            "timeouts": null,
            "v4_cidr_blocks": [
              "10.10.1.0/24"
            ],
            "v6_cidr_blocks": [],
            "zone": "ru-central1-a"
          },
          "sensitive_attributes": [],
          "private": "eyJlMmJmYjczMC1lY2FhLTExZTYtOGY4OC0zNDM2M2JjN2M0YzAiOnsiY3JlYXRlIjoxODAwMDAwMDAwMDAsImRlbGV0ZSI6MTgwMDAwMDAwMDAwLCJ1cGRhdGUiOjE4MDAwMDAwMDAwMH19",
          "dependencies": [
            "yandex_vpc_gateway.private_gw",
            "yandex_vpc_network.main",
            "yandex_vpc_route_table.private_rt"
          ]
        }
      ]
    },
    {
      "mode": "managed",
      "type": "yandex_vpc_subnet",
      "name": "private_network_b",
      "provider": "provider[\"registry.terraform.io/yandex-cloud/yandex\"]",
      "instances": [
        {
          "schema_version": 0,
          "attributes": {
            "created_at": "2025-01-16T07:27:44Z",
            "description": "",
            "dhcp_options": [],
            "folder_id": "b1gpukb43o9veh81tdjh",
            "id": "e2lu9fqcaqt4d0v536cc",
            "labels": {},
            "name": "private-network-b",
            "network_id": "enpaavg6pqo3oj7o3nin",
            "route_table_id": "enpdi6l2pirrl955l861",
            "timeouts": null,
            "v4_cidr_blocks": [
              "10.10.2.0/24"
            ],
            "v6_cidr_blocks": [],
            "zone": "ru-central1-b"
          },
          "sensitive_attributes": [],
          "private": "eyJlMmJmYjczMC1lY2FhLTExZTYtOGY4OC0zNDM2M2JjN2M0YzAiOnsiY3JlYXRlIjoxODAwMDAwMDAwMDAsImRlbGV0ZSI6MTgwMDAwMDAwMDAwLCJ1cGRhdGUiOjE4MDAwMDAwMDAwMH19",
          "dependencies": [
            "yandex_vpc_gateway.private_gw",
            "yandex_vpc_network.main",
            "yandex_vpc_route_table.private_rt"
          ]
        }
      ]
    },
    {
      "mode": "managed",
      "type": "yandex_vpc_subnet",
      "name": "private_network_d",
      "provider": "provider[\"registry.terraform.io/yandex-cloud/yandex\"]",
      "instances": [
        {
          "schema_version": 0,
          "attributes": {
            "created_at": "2025-01-16T07:27:44Z",
            "description": "",
            "dhcp_options": [],
            "folder_id": "b1gpukb43o9veh81tdjh",
            "id": "fl80bmoa2gjfrn81pcoj",
            "labels": {},
            "name": "private-network-d",
            "network_id": "enpaavg6pqo3oj7o3nin",
            "route_table_id": "enpdi6l2pirrl955l861",
            "timeouts": null,
            "v4_cidr_blocks": [
              "10.10.4.0/24"
            ],
            "v6_cidr_blocks": [],
            "zone": "ru-central1-d"
          },
          "sensitive_attributes": [],
          "private": "eyJlMmJmYjczMC1lY2FhLTExZTYtOGY4OC0zNDM2M2JjN2M0YzAiOnsiY3JlYXRlIjoxODAwMDAwMDAwMDAsImRlbGV0ZSI6MTgwMDAwMDAwMDAwLCJ1cGRhdGUiOjE4MDAwMDAwMDAwMH19",
          "dependencies": [
            "yandex_vpc_gateway.private_gw",
            "yandex_vpc_network.main",
            "yandex_vpc_route_table.private_rt"
          ]
        }
      ]
    }
  ],
  "check_results": null
}
